// !$*UTF8*$!
{
	archiveVersion = 1;
	classes = {
	};
	objectVersion = 51;
	objects = {

/* Begin PBXBuildFile section */
		00D550D251216C0EA9D3618B /* Pods_DemoChallenge_DemoChallengeUITests.framework in Frameworks */ = {isa = PBXBuildFile; fileRef = 115AC429BB7A57E345F50C72 /* Pods_DemoChallenge_DemoChallengeUITests.framework */; };
		231B0E4DA8F6AE93637D26A9 /* Pods_DemoChallengeTests.framework in Frameworks */ = {isa = PBXBuildFile; fileRef = 38193E62CFC139C1214A72CB /* Pods_DemoChallengeTests.framework */; };
		59C047240813A93BE0BF23C5 /* Pods_DemoChallenge.framework in Frameworks */ = {isa = PBXBuildFile; fileRef = 76DFD1CFE0AE936400328CF9 /* Pods_DemoChallenge.framework */; };
		D5B4B5F424367631008CB635 /* AppDelegate.swift in Sources */ = {isa = PBXBuildFile; fileRef = D5B4B5F324367631008CB635 /* AppDelegate.swift */; };
		D5B4B5F624367631008CB635 /* SceneDelegate.swift in Sources */ = {isa = PBXBuildFile; fileRef = D5B4B5F524367631008CB635 /* SceneDelegate.swift */; };
		D5B4B5F824367631008CB635 /* ViewController.swift in Sources */ = {isa = PBXBuildFile; fileRef = D5B4B5F724367631008CB635 /* ViewController.swift */; };
		D5B4B5FB24367631008CB635 /* Main.storyboard in Resources */ = {isa = PBXBuildFile; fileRef = D5B4B5F924367631008CB635 /* Main.storyboard */; };
		D5B4B5FE24367631008CB635 /* DemoChallenge.xcdatamodeld in Sources */ = {isa = PBXBuildFile; fileRef = D5B4B5FC24367631008CB635 /* DemoChallenge.xcdatamodeld */; };
		D5B4B60024367632008CB635 /* Assets.xcassets in Resources */ = {isa = PBXBuildFile; fileRef = D5B4B5FF24367632008CB635 /* Assets.xcassets */; };
		D5B4B60324367632008CB635 /* LaunchScreen.storyboard in Resources */ = {isa = PBXBuildFile; fileRef = D5B4B60124367632008CB635 /* LaunchScreen.storyboard */; };
		D5B4B60E24367632008CB635 /* DemoChallengeTests.swift in Sources */ = {isa = PBXBuildFile; fileRef = D5B4B60D24367632008CB635 /* DemoChallengeTests.swift */; };
		D5B4B61924367632008CB635 /* DemoChallengeUITests.swift in Sources */ = {isa = PBXBuildFile; fileRef = D5B4B61824367632008CB635 /* DemoChallengeUITests.swift */; };
		D5B4B62724367645008CB635 /* jeff_portrait.png in Resources */ = {isa = PBXBuildFile; fileRef = D5B4B62624367644008CB635 /* jeff_portrait.png */; };
		D5B4B6292436764A008CB635 /* Kjay.jpg in Resources */ = {isa = PBXBuildFile; fileRef = D5B4B6282436764A008CB635 /* Kjay.jpg */; };
/* End PBXBuildFile section */

/* Begin PBXContainerItemProxy section */
		D5B4B60A24367632008CB635 /* PBXContainerItemProxy */ = {
			isa = PBXContainerItemProxy;
			containerPortal = D5B4B5E824367631008CB635 /* Project object */;
			proxyType = 1;
			remoteGlobalIDString = D5B4B5EF24367631008CB635;
			remoteInfo = DemoChallenge;
		};
		D5B4B61524367632008CB635 /* PBXContainerItemProxy */ = {
			isa = PBXContainerItemProxy;
			containerPortal = D5B4B5E824367631008CB635 /* Project object */;
			proxyType = 1;
			remoteGlobalIDString = D5B4B5EF24367631008CB635;
			remoteInfo = DemoChallenge;
		};
/* End PBXContainerItemProxy section */

/* Begin PBXFileReference section */
		115AC429BB7A57E345F50C72 /* Pods_DemoChallenge_DemoChallengeUITests.framework */ = {isa = PBXFileReference; explicitFileType = wrapper.framework; includeInIndex = 0; path = Pods_DemoChallenge_DemoChallengeUITests.framework; sourceTree = BUILT_PRODUCTS_DIR; };
		38193E62CFC139C1214A72CB /* Pods_DemoChallengeTests.framework */ = {isa = PBXFileReference; explicitFileType = wrapper.framework; includeInIndex = 0; path = Pods_DemoChallengeTests.framework; sourceTree = BUILT_PRODUCTS_DIR; };
		388E1292E850ED54B6BC159C /* Pods-DemoChallenge.release.xcconfig */ = {isa = PBXFileReference; includeInIndex = 1; lastKnownFileType = text.xcconfig; name = "Pods-DemoChallenge.release.xcconfig"; path = "Target Support Files/Pods-DemoChallenge/Pods-DemoChallenge.release.xcconfig"; sourceTree = "<group>"; };
		5CEAA771490C533E0741F145 /* Pods-DemoChallengeTests.release.xcconfig */ = {isa = PBXFileReference; includeInIndex = 1; lastKnownFileType = text.xcconfig; name = "Pods-DemoChallengeTests.release.xcconfig"; path = "Target Support Files/Pods-DemoChallengeTests/Pods-DemoChallengeTests.release.xcconfig"; sourceTree = "<group>"; };
		6CCE1E9B693E551470F19E80 /* Pods-DemoChallenge-DemoChallengeUITests.debug.xcconfig */ = {isa = PBXFileReference; includeInIndex = 1; lastKnownFileType = text.xcconfig; name = "Pods-DemoChallenge-DemoChallengeUITests.debug.xcconfig"; path = "Target Support Files/Pods-DemoChallenge-DemoChallengeUITests/Pods-DemoChallenge-DemoChallengeUITests.debug.xcconfig"; sourceTree = "<group>"; };
		76DFD1CFE0AE936400328CF9 /* Pods_DemoChallenge.framework */ = {isa = PBXFileReference; explicitFileType = wrapper.framework; includeInIndex = 0; path = Pods_DemoChallenge.framework; sourceTree = BUILT_PRODUCTS_DIR; };
		7EC664C4DEA2945572CE53C0 /* Pods-DemoChallengeTests.debug.xcconfig */ = {isa = PBXFileReference; includeInIndex = 1; lastKnownFileType = text.xcconfig; name = "Pods-DemoChallengeTests.debug.xcconfig"; path = "Target Support Files/Pods-DemoChallengeTests/Pods-DemoChallengeTests.debug.xcconfig"; sourceTree = "<group>"; };
		C2DE1932B292424BE3A2C4CB /* Pods-DemoChallenge.debug.xcconfig */ = {isa = PBXFileReference; includeInIndex = 1; lastKnownFileType = text.xcconfig; name = "Pods-DemoChallenge.debug.xcconfig"; path = "Target Support Files/Pods-DemoChallenge/Pods-DemoChallenge.debug.xcconfig"; sourceTree = "<group>"; };
		D5B4B5F024367631008CB635 /* DemoChallenge.app */ = {isa = PBXFileReference; explicitFileType = wrapper.application; includeInIndex = 0; path = DemoChallenge.app; sourceTree = BUILT_PRODUCTS_DIR; };
		D5B4B5F324367631008CB635 /* AppDelegate.swift */ = {isa = PBXFileReference; lastKnownFileType = sourcecode.swift; path = AppDelegate.swift; sourceTree = "<group>"; };
		D5B4B5F524367631008CB635 /* SceneDelegate.swift */ = {isa = PBXFileReference; lastKnownFileType = sourcecode.swift; path = SceneDelegate.swift; sourceTree = "<group>"; };
		D5B4B5F724367631008CB635 /* ViewController.swift */ = {isa = PBXFileReference; lastKnownFileType = sourcecode.swift; path = ViewController.swift; sourceTree = "<group>"; };
		D5B4B5FA24367631008CB635 /* Base */ = {isa = PBXFileReference; lastKnownFileType = file.storyboard; name = Base; path = Base.lproj/Main.storyboard; sourceTree = "<group>"; };
		D5B4B5FD24367631008CB635 /* DemoChallenge.xcdatamodel */ = {isa = PBXFileReference; lastKnownFileType = wrapper.xcdatamodel; path = DemoChallenge.xcdatamodel; sourceTree = "<group>"; };
		D5B4B5FF24367632008CB635 /* Assets.xcassets */ = {isa = PBXFileReference; lastKnownFileType = folder.assetcatalog; path = Assets.xcassets; sourceTree = "<group>"; };
		D5B4B60224367632008CB635 /* Base */ = {isa = PBXFileReference; lastKnownFileType = file.storyboard; name = Base; path = Base.lproj/LaunchScreen.storyboard; sourceTree = "<group>"; };
		D5B4B60424367632008CB635 /* Info.plist */ = {isa = PBXFileReference; lastKnownFileType = text.plist.xml; path = Info.plist; sourceTree = "<group>"; };
		D5B4B60924367632008CB635 /* DemoChallengeTests.xctest */ = {isa = PBXFileReference; explicitFileType = wrapper.cfbundle; includeInIndex = 0; path = DemoChallengeTests.xctest; sourceTree = BUILT_PRODUCTS_DIR; };
		D5B4B60D24367632008CB635 /* DemoChallengeTests.swift */ = {isa = PBXFileReference; lastKnownFileType = sourcecode.swift; path = DemoChallengeTests.swift; sourceTree = "<group>"; };
		D5B4B60F24367632008CB635 /* Info.plist */ = {isa = PBXFileReference; lastKnownFileType = text.plist.xml; path = Info.plist; sourceTree = "<group>"; };
		D5B4B61424367632008CB635 /* DemoChallengeUITests.xctest */ = {isa = PBXFileReference; explicitFileType = wrapper.cfbundle; includeInIndex = 0; path = DemoChallengeUITests.xctest; sourceTree = BUILT_PRODUCTS_DIR; };
		D5B4B61824367632008CB635 /* DemoChallengeUITests.swift */ = {isa = PBXFileReference; lastKnownFileType = sourcecode.swift; path = DemoChallengeUITests.swift; sourceTree = "<group>"; };
		D5B4B61A24367632008CB635 /* Info.plist */ = {isa = PBXFileReference; lastKnownFileType = text.plist.xml; path = Info.plist; sourceTree = "<group>"; };
		D5B4B62624367644008CB635 /* jeff_portrait.png */ = {isa = PBXFileReference; lastKnownFileType = image.png; path = jeff_portrait.png; sourceTree = "<group>"; };
		D5B4B6282436764A008CB635 /* Kjay.jpg */ = {isa = PBXFileReference; lastKnownFileType = image.jpeg; path = Kjay.jpg; sourceTree = "<group>"; };
		EA409750E9EAE585A5A30208 /* Pods-DemoChallenge-DemoChallengeUITests.release.xcconfig */ = {isa = PBXFileReference; includeInIndex = 1; lastKnownFileType = text.xcconfig; name = "Pods-DemoChallenge-DemoChallengeUITests.release.xcconfig"; path = "Target Support Files/Pods-DemoChallenge-DemoChallengeUITests/Pods-DemoChallenge-DemoChallengeUITests.release.xcconfig"; sourceTree = "<group>"; };
/* End PBXFileReference section */

/* Begin PBXFrameworksBuildPhase section */
		D5B4B5ED24367631008CB635 /* Frameworks */ = {
			isa = PBXFrameworksBuildPhase;
			buildActionMask = 2147483647;
			files = (
				59C047240813A93BE0BF23C5 /* Pods_DemoChallenge.framework in Frameworks */,
			);
			runOnlyForDeploymentPostprocessing = 0;
		};
		D5B4B60624367632008CB635 /* Frameworks */ = {
			isa = PBXFrameworksBuildPhase;
			buildActionMask = 2147483647;
			files = (
				231B0E4DA8F6AE93637D26A9 /* Pods_DemoChallengeTests.framework in Frameworks */,
			);
			runOnlyForDeploymentPostprocessing = 0;
		};
		D5B4B61124367632008CB635 /* Frameworks */ = {
			isa = PBXFrameworksBuildPhase;
			buildActionMask = 2147483647;
			files = (
				00D550D251216C0EA9D3618B /* Pods_DemoChallenge_DemoChallengeUITests.framework in Frameworks */,
			);
			runOnlyForDeploymentPostprocessing = 0;
		};
/* End PBXFrameworksBuildPhase section */

/* Begin PBXGroup section */
		5A66D7ADF0ABE7084B41A3E9 /* Frameworks */ = {
			isa = PBXGroup;
			children = (
				76DFD1CFE0AE936400328CF9 /* Pods_DemoChallenge.framework */,
				115AC429BB7A57E345F50C72 /* Pods_DemoChallenge_DemoChallengeUITests.framework */,
				38193E62CFC139C1214A72CB /* Pods_DemoChallengeTests.framework */,
			);
			name = Frameworks;
			sourceTree = "<group>";
		};
		D5B4B5E724367631008CB635 = {
			isa = PBXGroup;
			children = (
				D5B4B5F224367631008CB635 /* DemoChallenge */,
				D5B4B60C24367632008CB635 /* DemoChallengeTests */,
				D5B4B61724367632008CB635 /* DemoChallengeUITests */,
				D5B4B5F124367631008CB635 /* Products */,
				FE3FAD33FB97E84477599A2B /* Pods */,
				5A66D7ADF0ABE7084B41A3E9 /* Frameworks */,
			);
			sourceTree = "<group>";
		};
		D5B4B5F124367631008CB635 /* Products */ = {
			isa = PBXGroup;
			children = (
				D5B4B5F024367631008CB635 /* DemoChallenge.app */,
				D5B4B60924367632008CB635 /* DemoChallengeTests.xctest */,
				D5B4B61424367632008CB635 /* DemoChallengeUITests.xctest */,
			);
			name = Products;
			sourceTree = "<group>";
		};
		D5B4B5F224367631008CB635 /* DemoChallenge */ = {
			isa = PBXGroup;
			children = (
				D5B4B62624367644008CB635 /* jeff_portrait.png */,
				D5B4B6282436764A008CB635 /* Kjay.jpg */,
				D5B4B5F324367631008CB635 /* AppDelegate.swift */,
				D5B4B5F524367631008CB635 /* SceneDelegate.swift */,
				D5B4B5F724367631008CB635 /* ViewController.swift */,
				D5B4B5F924367631008CB635 /* Main.storyboard */,
				D5B4B5FF24367632008CB635 /* Assets.xcassets */,
				D5B4B60124367632008CB635 /* LaunchScreen.storyboard */,
				D5B4B60424367632008CB635 /* Info.plist */,
				D5B4B5FC24367631008CB635 /* DemoChallenge.xcdatamodeld */,
			);
			path = DemoChallenge;
			sourceTree = "<group>";
		};
		D5B4B60C24367632008CB635 /* DemoChallengeTests */ = {
			isa = PBXGroup;
			children = (
				D5B4B60D24367632008CB635 /* DemoChallengeTests.swift */,
				D5B4B60F24367632008CB635 /* Info.plist */,
			);
			path = DemoChallengeTests;
			sourceTree = "<group>";
		};
		D5B4B61724367632008CB635 /* DemoChallengeUITests */ = {
			isa = PBXGroup;
			children = (
				D5B4B61824367632008CB635 /* DemoChallengeUITests.swift */,
				D5B4B61A24367632008CB635 /* Info.plist */,
			);
			path = DemoChallengeUITests;
			sourceTree = "<group>";
		};
		FE3FAD33FB97E84477599A2B /* Pods */ = {
			isa = PBXGroup;
			children = (
				C2DE1932B292424BE3A2C4CB /* Pods-DemoChallenge.debug.xcconfig */,
				388E1292E850ED54B6BC159C /* Pods-DemoChallenge.release.xcconfig */,
				6CCE1E9B693E551470F19E80 /* Pods-DemoChallenge-DemoChallengeUITests.debug.xcconfig */,
				EA409750E9EAE585A5A30208 /* Pods-DemoChallenge-DemoChallengeUITests.release.xcconfig */,
				7EC664C4DEA2945572CE53C0 /* Pods-DemoChallengeTests.debug.xcconfig */,
				5CEAA771490C533E0741F145 /* Pods-DemoChallengeTests.release.xcconfig */,
			);
			path = Pods;
			sourceTree = "<group>";
		};
/* End PBXGroup section */

/* Begin PBXNativeTarget section */
		D5B4B5EF24367631008CB635 /* DemoChallenge */ = {
			isa = PBXNativeTarget;
			buildConfigurationList = D5B4B61D24367632008CB635 /* Build configuration list for PBXNativeTarget "DemoChallenge" */;
			buildPhases = (
				34AEB93FA09C50561B0E2FF0 /* [CP] Check Pods Manifest.lock */,
				D5B4B5EC24367631008CB635 /* Sources */,
				D5B4B5ED24367631008CB635 /* Frameworks */,
				D5B4B5EE24367631008CB635 /* Resources */,
				4729B0F4446A8BA6F983FA6D /* [CP] Embed Pods Frameworks */,
			);
			buildRules = (
			);
			dependencies = (
			);
			name = DemoChallenge;
			productName = DemoChallenge;
			productReference = D5B4B5F024367631008CB635 /* DemoChallenge.app */;
			productType = "com.apple.product-type.application";
		};
		D5B4B60824367632008CB635 /* DemoChallengeTests */ = {
			isa = PBXNativeTarget;
			buildConfigurationList = D5B4B62024367632008CB635 /* Build configuration list for PBXNativeTarget "DemoChallengeTests" */;
			buildPhases = (
				3880DF5E04400CFDA2CE94B1 /* [CP] Check Pods Manifest.lock */,
				D5B4B60524367632008CB635 /* Sources */,
				D5B4B60624367632008CB635 /* Frameworks */,
				D5B4B60724367632008CB635 /* Resources */,
			);
			buildRules = (
			);
			dependencies = (
				D5B4B60B24367632008CB635 /* PBXTargetDependency */,
			);
			name = DemoChallengeTests;
			productName = DemoChallengeTests;
			productReference = D5B4B60924367632008CB635 /* DemoChallengeTests.xctest */;
			productType = "com.apple.product-type.bundle.unit-test";
		};
		D5B4B61324367632008CB635 /* DemoChallengeUITests */ = {
			isa = PBXNativeTarget;
			buildConfigurationList = D5B4B62324367632008CB635 /* Build configuration list for PBXNativeTarget "DemoChallengeUITests" */;
			buildPhases = (
				85A8C2C29915008262A2A91D /* [CP] Check Pods Manifest.lock */,
				D5B4B61024367632008CB635 /* Sources */,
				D5B4B61124367632008CB635 /* Frameworks */,
				D5B4B61224367632008CB635 /* Resources */,
				6DBA0EC815C7FFACF44B442C /* [CP] Embed Pods Frameworks */,
			);
			buildRules = (
			);
			dependencies = (
				D5B4B61624367632008CB635 /* PBXTargetDependency */,
			);
			name = DemoChallengeUITests;
			productName = DemoChallengeUITests;
			productReference = D5B4B61424367632008CB635 /* DemoChallengeUITests.xctest */;
			productType = "com.apple.product-type.bundle.ui-testing";
		};
/* End PBXNativeTarget section */

/* Begin PBXProject section */
		D5B4B5E824367631008CB635 /* Project object */ = {
			isa = PBXProject;
			attributes = {
				LastSwiftUpdateCheck = 1140;
				LastUpgradeCheck = 1140;
				ORGANIZATIONNAME = "Nathan Coggins";
				TargetAttributes = {
					D5B4B5EF24367631008CB635 = {
						CreatedOnToolsVersion = 11.4;
					};
					D5B4B60824367632008CB635 = {
						CreatedOnToolsVersion = 11.4;
						TestTargetID = D5B4B5EF24367631008CB635;
					};
					D5B4B61324367632008CB635 = {
						CreatedOnToolsVersion = 11.4;
						TestTargetID = D5B4B5EF24367631008CB635;
					};
				};
			};
			buildConfigurationList = D5B4B5EB24367631008CB635 /* Build configuration list for PBXProject "DemoChallenge" */;
			compatibilityVersion = "Xcode 9.3";
			developmentRegion = en;
			hasScannedForEncodings = 0;
			knownRegions = (
				en,
				Base,
			);
			mainGroup = D5B4B5E724367631008CB635;
			productRefGroup = D5B4B5F124367631008CB635 /* Products */;
			projectDirPath = "";
			projectRoot = "";
			targets = (
				D5B4B5EF24367631008CB635 /* DemoChallenge */,
				D5B4B60824367632008CB635 /* DemoChallengeTests */,
				D5B4B61324367632008CB635 /* DemoChallengeUITests */,
			);
		};
/* End PBXProject section */

/* Begin PBXResourcesBuildPhase section */
		D5B4B5EE24367631008CB635 /* Resources */ = {
			isa = PBXResourcesBuildPhase;
			buildActionMask = 2147483647;
			files = (
				D5B4B6292436764A008CB635 /* Kjay.jpg in Resources */,
				D5B4B60324367632008CB635 /* LaunchScreen.storyboard in Resources */,
				D5B4B60024367632008CB635 /* Assets.xcassets in Resources */,
				D5B4B5FB24367631008CB635 /* Main.storyboard in Resources */,
				D5B4B62724367645008CB635 /* jeff_portrait.png in Resources */,
			);
			runOnlyForDeploymentPostprocessing = 0;
		};
		D5B4B60724367632008CB635 /* Resources */ = {
			isa = PBXResourcesBuildPhase;
			buildActionMask = 2147483647;
			files = (
			);
			runOnlyForDeploymentPostprocessing = 0;
		};
		D5B4B61224367632008CB635 /* Resources */ = {
			isa = PBXResourcesBuildPhase;
			buildActionMask = 2147483647;
			files = (
			);
			runOnlyForDeploymentPostprocessing = 0;
		};
/* End PBXResourcesBuildPhase section */

/* Begin PBXShellScriptBuildPhase section */
		34AEB93FA09C50561B0E2FF0 /* [CP] Check Pods Manifest.lock */ = {
			isa = PBXShellScriptBuildPhase;
			buildActionMask = 2147483647;
			files = (
			);
			inputFileListPaths = (
			);
			inputPaths = (
				"${PODS_PODFILE_DIR_PATH}/Podfile.lock",
				"${PODS_ROOT}/Manifest.lock",
			);
			name = "[CP] Check Pods Manifest.lock";
			outputFileListPaths = (
			);
			outputPaths = (
				"$(DERIVED_FILE_DIR)/Pods-DemoChallenge-checkManifestLockResult.txt",
			);
			runOnlyForDeploymentPostprocessing = 0;
			shellPath = /bin/sh;
			shellScript = "diff \"${PODS_PODFILE_DIR_PATH}/Podfile.lock\" \"${PODS_ROOT}/Manifest.lock\" > /dev/null\nif [ $? != 0 ] ; then\n    # print error to STDERR\n    echo \"error: The sandbox is not in sync with the Podfile.lock. Run 'pod install' or update your CocoaPods installation.\" >&2\n    exit 1\nfi\n# This output is used by Xcode 'outputs' to avoid re-running this script phase.\necho \"SUCCESS\" > \"${SCRIPT_OUTPUT_FILE_0}\"\n";
			showEnvVarsInLog = 0;
		};
		3880DF5E04400CFDA2CE94B1 /* [CP] Check Pods Manifest.lock */ = {
			isa = PBXShellScriptBuildPhase;
			buildActionMask = 2147483647;
			files = (
			);
			inputFileListPaths = (
			);
			inputPaths = (
				"${PODS_PODFILE_DIR_PATH}/Podfile.lock",
				"${PODS_ROOT}/Manifest.lock",
			);
			name = "[CP] Check Pods Manifest.lock";
			outputFileListPaths = (
			);
			outputPaths = (
				"$(DERIVED_FILE_DIR)/Pods-DemoChallengeTests-checkManifestLockResult.txt",
			);
			runOnlyForDeploymentPostprocessing = 0;
			shellPath = /bin/sh;
			shellScript = "diff \"${PODS_PODFILE_DIR_PATH}/Podfile.lock\" \"${PODS_ROOT}/Manifest.lock\" > /dev/null\nif [ $? != 0 ] ; then\n    # print error to STDERR\n    echo \"error: The sandbox is not in sync with the Podfile.lock. Run 'pod install' or update your CocoaPods installation.\" >&2\n    exit 1\nfi\n# This output is used by Xcode 'outputs' to avoid re-running this script phase.\necho \"SUCCESS\" > \"${SCRIPT_OUTPUT_FILE_0}\"\n";
			showEnvVarsInLog = 0;
		};
		4729B0F4446A8BA6F983FA6D /* [CP] Embed Pods Frameworks */ = {
			isa = PBXShellScriptBuildPhase;
			buildActionMask = 2147483647;
			files = (
			);
			inputFileListPaths = (
				"${PODS_ROOT}/Target Support Files/Pods-DemoChallenge/Pods-DemoChallenge-frameworks-${CONFIGURATION}-input-files.xcfilelist",
			);
			name = "[CP] Embed Pods Frameworks";
			outputFileListPaths = (
				"${PODS_ROOT}/Target Support Files/Pods-DemoChallenge/Pods-DemoChallenge-frameworks-${CONFIGURATION}-output-files.xcfilelist",
			);
			runOnlyForDeploymentPostprocessing = 0;
			shellPath = /bin/sh;
			shellScript = "\"${PODS_ROOT}/Target Support Files/Pods-DemoChallenge/Pods-DemoChallenge-frameworks.sh\"\n";
			showEnvVarsInLog = 0;
		};
		6DBA0EC815C7FFACF44B442C /* [CP] Embed Pods Frameworks */ = {
			isa = PBXShellScriptBuildPhase;
			buildActionMask = 2147483647;
			files = (
			);
			inputFileListPaths = (
				"${PODS_ROOT}/Target Support Files/Pods-DemoChallenge-DemoChallengeUITests/Pods-DemoChallenge-DemoChallengeUITests-frameworks-${CONFIGURATION}-input-files.xcfilelist",
			);
			name = "[CP] Embed Pods Frameworks";
			outputFileListPaths = (
				"${PODS_ROOT}/Target Support Files/Pods-DemoChallenge-DemoChallengeUITests/Pods-DemoChallenge-DemoChallengeUITests-frameworks-${CONFIGURATION}-output-files.xcfilelist",
			);
			runOnlyForDeploymentPostprocessing = 0;
			shellPath = /bin/sh;
			shellScript = "\"${PODS_ROOT}/Target Support Files/Pods-DemoChallenge-DemoChallengeUITests/Pods-DemoChallenge-DemoChallengeUITests-frameworks.sh\"\n";
			showEnvVarsInLog = 0;
		};
		85A8C2C29915008262A2A91D /* [CP] Check Pods Manifest.lock */ = {
			isa = PBXShellScriptBuildPhase;
			buildActionMask = 2147483647;
			files = (
			);
			inputFileListPaths = (
			);
			inputPaths = (
				"${PODS_PODFILE_DIR_PATH}/Podfile.lock",
				"${PODS_ROOT}/Manifest.lock",
			);
			name = "[CP] Check Pods Manifest.lock";
			outputFileListPaths = (
			);
			outputPaths = (
				"$(DERIVED_FILE_DIR)/Pods-DemoChallenge-DemoChallengeUITests-checkManifestLockResult.txt",
			);
			runOnlyForDeploymentPostprocessing = 0;
			shellPath = /bin/sh;
			shellScript = "diff \"${PODS_PODFILE_DIR_PATH}/Podfile.lock\" \"${PODS_ROOT}/Manifest.lock\" > /dev/null\nif [ $? != 0 ] ; then\n    # print error to STDERR\n    echo \"error: The sandbox is not in sync with the Podfile.lock. Run 'pod install' or update your CocoaPods installation.\" >&2\n    exit 1\nfi\n# This output is used by Xcode 'outputs' to avoid re-running this script phase.\necho \"SUCCESS\" > \"${SCRIPT_OUTPUT_FILE_0}\"\n";
			showEnvVarsInLog = 0;
		};
/* End PBXShellScriptBuildPhase section */

/* Begin PBXSourcesBuildPhase section */
		D5B4B5EC24367631008CB635 /* Sources */ = {
			isa = PBXSourcesBuildPhase;
			buildActionMask = 2147483647;
			files = (
				D5B4B5F824367631008CB635 /* ViewController.swift in Sources */,
				D5B4B5F424367631008CB635 /* AppDelegate.swift in Sources */,
				D5B4B5FE24367631008CB635 /* DemoChallenge.xcdatamodeld in Sources */,
				D5B4B5F624367631008CB635 /* SceneDelegate.swift in Sources */,
			);
			runOnlyForDeploymentPostprocessing = 0;
		};
		D5B4B60524367632008CB635 /* Sources */ = {
			isa = PBXSourcesBuildPhase;
			buildActionMask = 2147483647;
			files = (
				D5B4B60E24367632008CB635 /* DemoChallengeTests.swift in Sources */,
			);
			runOnlyForDeploymentPostprocessing = 0;
		};
		D5B4B61024367632008CB635 /* Sources */ = {
			isa = PBXSourcesBuildPhase;
			buildActionMask = 2147483647;
			files = (
				D5B4B61924367632008CB635 /* DemoChallengeUITests.swift in Sources */,
			);
			runOnlyForDeploymentPostprocessing = 0;
		};
/* End PBXSourcesBuildPhase section */

/* Begin PBXTargetDependency section */
		D5B4B60B24367632008CB635 /* PBXTargetDependency */ = {
			isa = PBXTargetDependency;
			target = D5B4B5EF24367631008CB635 /* DemoChallenge */;
			targetProxy = D5B4B60A24367632008CB635 /* PBXContainerItemProxy */;
		};
		D5B4B61624367632008CB635 /* PBXTargetDependency */ = {
			isa = PBXTargetDependency;
			target = D5B4B5EF24367631008CB635 /* DemoChallenge */;
			targetProxy = D5B4B61524367632008CB635 /* PBXContainerItemProxy */;
		};
/* End PBXTargetDependency section */

/* Begin PBXVariantGroup section */
		D5B4B5F924367631008CB635 /* Main.storyboard */ = {
			isa = PBXVariantGroup;
			children = (
				D5B4B5FA24367631008CB635 /* Base */,
			);
			name = Main.storyboard;
			sourceTree = "<group>";
		};
		D5B4B60124367632008CB635 /* LaunchScreen.storyboard */ = {
			isa = PBXVariantGroup;
			children = (
				D5B4B60224367632008CB635 /* Base */,
			);
			name = LaunchScreen.storyboard;
			sourceTree = "<group>";
		};
/* End PBXVariantGroup section */

/* Begin XCBuildConfiguration section */
		D5B4B61B24367632008CB635 /* Debug */ = {
			isa = XCBuildConfiguration;
			buildSettings = {
				ALWAYS_SEARCH_USER_PATHS = NO;
				CLANG_ANALYZER_NONNULL = YES;
				CLANG_ANALYZER_NUMBER_OBJECT_CONVERSION = YES_AGGRESSIVE;
				CLANG_CXX_LANGUAGE_STANDARD = "gnu++14";
				CLANG_CXX_LIBRARY = "libc++";
				CLANG_ENABLE_MODULES = YES;
				CLANG_ENABLE_OBJC_ARC = YES;
				CLANG_ENABLE_OBJC_WEAK = YES;
				CLANG_WARN_BLOCK_CAPTURE_AUTORELEASING = YES;
				CLANG_WARN_BOOL_CONVERSION = YES;
				CLANG_WARN_COMMA = YES;
				CLANG_WARN_CONSTANT_CONVERSION = YES;
				CLANG_WARN_DEPRECATED_OBJC_IMPLEMENTATIONS = YES;
				CLANG_WARN_DIRECT_OBJC_ISA_USAGE = YES_ERROR;
				CLANG_WARN_DOCUMENTATION_COMMENTS = YES;
				CLANG_WARN_EMPTY_BODY = YES;
				CLANG_WARN_ENUM_CONVERSION = YES;
				CLANG_WARN_INFINITE_RECURSION = YES;
				CLANG_WARN_INT_CONVERSION = YES;
				CLANG_WARN_NON_LITERAL_NULL_CONVERSION = YES;
				CLANG_WARN_OBJC_IMPLICIT_RETAIN_SELF = YES;
				CLANG_WARN_OBJC_LITERAL_CONVERSION = YES;
				CLANG_WARN_OBJC_ROOT_CLASS = YES_ERROR;
				CLANG_WARN_RANGE_LOOP_ANALYSIS = YES;
				CLANG_WARN_STRICT_PROTOTYPES = YES;
				CLANG_WARN_SUSPICIOUS_MOVE = YES;
				CLANG_WARN_UNGUARDED_AVAILABILITY = YES_AGGRESSIVE;
				CLANG_WARN_UNREACHABLE_CODE = YES;
				CLANG_WARN__DUPLICATE_METHOD_MATCH = YES;
				COPY_PHASE_STRIP = NO;
				DEBUG_INFORMATION_FORMAT = dwarf;
				ENABLE_STRICT_OBJC_MSGSEND = YES;
				ENABLE_TESTABILITY = YES;
				GCC_C_LANGUAGE_STANDARD = gnu11;
				GCC_DYNAMIC_NO_PIC = NO;
				GCC_NO_COMMON_BLOCKS = YES;
				GCC_OPTIMIZATION_LEVEL = 0;
				GCC_PREPROCESSOR_DEFINITIONS = (
					"DEBUG=1",
					"$(inherited)",
				);
				GCC_WARN_64_TO_32_BIT_CONVERSION = YES;
				GCC_WARN_ABOUT_RETURN_TYPE = YES_ERROR;
				GCC_WARN_UNDECLARED_SELECTOR = YES;
				GCC_WARN_UNINITIALIZED_AUTOS = YES_AGGRESSIVE;
				GCC_WARN_UNUSED_FUNCTION = YES;
				GCC_WARN_UNUSED_VARIABLE = YES;
				IPHONEOS_DEPLOYMENT_TARGET = 13.0;
				MTL_ENABLE_DEBUG_INFO = INCLUDE_SOURCE;
				MTL_FAST_MATH = YES;
				ONLY_ACTIVE_ARCH = YES;
				SDKROOT = iphoneos;
				SWIFT_ACTIVE_COMPILATION_CONDITIONS = DEBUG;
				SWIFT_OPTIMIZATION_LEVEL = "-Onone";
			};
			name = Debug;
		};
		D5B4B61C24367632008CB635 /* Release */ = {
			isa = XCBuildConfiguration;
			buildSettings = {
				ALWAYS_SEARCH_USER_PATHS = NO;
				CLANG_ANALYZER_NONNULL = YES;
				CLANG_ANALYZER_NUMBER_OBJECT_CONVERSION = YES_AGGRESSIVE;
				CLANG_CXX_LANGUAGE_STANDARD = "gnu++14";
				CLANG_CXX_LIBRARY = "libc++";
				CLANG_ENABLE_MODULES = YES;
				CLANG_ENABLE_OBJC_ARC = YES;
				CLANG_ENABLE_OBJC_WEAK = YES;
				CLANG_WARN_BLOCK_CAPTURE_AUTORELEASING = YES;
				CLANG_WARN_BOOL_CONVERSION = YES;
				CLANG_WARN_COMMA = YES;
				CLANG_WARN_CONSTANT_CONVERSION = YES;
				CLANG_WARN_DEPRECATED_OBJC_IMPLEMENTATIONS = YES;
				CLANG_WARN_DIRECT_OBJC_ISA_USAGE = YES_ERROR;
				CLANG_WARN_DOCUMENTATION_COMMENTS = YES;
				CLANG_WARN_EMPTY_BODY = YES;
				CLANG_WARN_ENUM_CONVERSION = YES;
				CLANG_WARN_INFINITE_RECURSION = YES;
				CLANG_WARN_INT_CONVERSION = YES;
				CLANG_WARN_NON_LITERAL_NULL_CONVERSION = YES;
				CLANG_WARN_OBJC_IMPLICIT_RETAIN_SELF = YES;
				CLANG_WARN_OBJC_LITERAL_CONVERSION = YES;
				CLANG_WARN_OBJC_ROOT_CLASS = YES_ERROR;
				CLANG_WARN_RANGE_LOOP_ANALYSIS = YES;
				CLANG_WARN_STRICT_PROTOTYPES = YES;
				CLANG_WARN_SUSPICIOUS_MOVE = YES;
				CLANG_WARN_UNGUARDED_AVAILABILITY = YES_AGGRESSIVE;
				CLANG_WARN_UNREACHABLE_CODE = YES;
				CLANG_WARN__DUPLICATE_METHOD_MATCH = YES;
				COPY_PHASE_STRIP = NO;
				DEBUG_INFORMATION_FORMAT = "dwarf-with-dsym";
				ENABLE_NS_ASSERTIONS = NO;
				ENABLE_STRICT_OBJC_MSGSEND = YES;
				GCC_C_LANGUAGE_STANDARD = gnu11;
				GCC_NO_COMMON_BLOCKS = YES;
				GCC_WARN_64_TO_32_BIT_CONVERSION = YES;
				GCC_WARN_ABOUT_RETURN_TYPE = YES_ERROR;
				GCC_WARN_UNDECLARED_SELECTOR = YES;
				GCC_WARN_UNINITIALIZED_AUTOS = YES_AGGRESSIVE;
				GCC_WARN_UNUSED_FUNCTION = YES;
				GCC_WARN_UNUSED_VARIABLE = YES;
				IPHONEOS_DEPLOYMENT_TARGET = 13.0;
				MTL_ENABLE_DEBUG_INFO = NO;
				MTL_FAST_MATH = YES;
				ONLY_ACTIVE_ARCH = NO;
				SDKROOT = iphoneos;
				SWIFT_COMPILATION_MODE = wholemodule;
				SWIFT_OPTIMIZATION_LEVEL = "-O";
				VALIDATE_PRODUCT = YES;
			};
			name = Release;
		};
		D5B4B61E24367632008CB635 /* Debug */ = {
			isa = XCBuildConfiguration;
			baseConfigurationReference = C2DE1932B292424BE3A2C4CB /* Pods-DemoChallenge.debug.xcconfig */;
			buildSettings = {
				ASSETCATALOG_COMPILER_APPICON_NAME = AppIcon;
				CODE_SIGN_STYLE = Automatic;
				DEVELOPMENT_TEAM = KX3Q6P29G3;
				INFOPLIST_FILE = DemoChallenge/Info.plist;
				LD_RUNPATH_SEARCH_PATHS = (
					"$(inherited)",
					"@executable_path/Frameworks",
				);
				PRODUCT_BUNDLE_IDENTIFIER = com.revature.DemoChallenge;
				PRODUCT_NAME = "$(TARGET_NAME)";
				SWIFT_VERSION = 5.0;
				TARGETED_DEVICE_FAMILY = "1,2";
			};
			name = Debug;
		};
		D5B4B61F24367632008CB635 /* Release */ = {
			isa = XCBuildConfiguration;
			baseConfigurationReference = 388E1292E850ED54B6BC159C /* Pods-DemoChallenge.release.xcconfig */;
			buildSettings = {
				ASSETCATALOG_COMPILER_APPICON_NAME = AppIcon;
				CODE_SIGN_STYLE = Automatic;
				DEVELOPMENT_TEAM = KX3Q6P29G3;
				INFOPLIST_FILE = DemoChallenge/Info.plist;
				LD_RUNPATH_SEARCH_PATHS = (
					"$(inherited)",
					"@executable_path/Frameworks",
				);
				PRODUCT_BUNDLE_IDENTIFIER = com.revature.DemoChallenge;
				PRODUCT_NAME = "$(TARGET_NAME)";
				SWIFT_VERSION = 5.0;
				TARGETED_DEVICE_FAMILY = "1,2";
			};
			name = Release;
		};
		D5B4B62124367632008CB635 /* Debug */ = {
			isa = XCBuildConfiguration;
			baseConfigurationReference = 7EC664C4DEA2945572CE53C0 /* Pods-DemoChallengeTests.debug.xcconfig */;
			buildSettings = {
				ALWAYS_EMBED_SWIFT_STANDARD_LIBRARIES = YES;
				BUNDLE_LOADER = "$(TEST_HOST)";
				CODE_SIGN_STYLE = Automatic;
				DEVELOPMENT_TEAM = KX3Q6P29G3;
				INFOPLIST_FILE = DemoChallengeTests/Info.plist;
				IPHONEOS_DEPLOYMENT_TARGET = 13.4;
				LD_RUNPATH_SEARCH_PATHS = (
					"$(inherited)",
					"@executable_path/Frameworks",
					"@loader_path/Frameworks",
				);
				PRODUCT_BUNDLE_IDENTIFIER = com.revature.DemoChallengeTests;
				PRODUCT_NAME = "$(TARGET_NAME)";
				SWIFT_VERSION = 5.0;
				TARGETED_DEVICE_FAMILY = "1,2";
				TEST_HOST = "$(BUILT_PRODUCTS_DIR)/DemoChallenge.app/DemoChallenge";
			};
			name = Debug;
		};
		D5B4B62224367632008CB635 /* Release */ = {
			isa = XCBuildConfiguration;
			baseConfigurationReference = 5CEAA771490C533E0741F145 /* Pods-DemoChallengeTests.release.xcconfig */;
			buildSettings = {
				ALWAYS_EMBED_SWIFT_STANDARD_LIBRARIES = YES;
				BUNDLE_LOADER = "$(TEST_HOST)";
				CODE_SIGN_STYLE = Automatic;
				DEVELOPMENT_TEAM = KX3Q6P29G3;
				INFOPLIST_FILE = DemoChallengeTests/Info.plist;
				IPHONEOS_DEPLOYMENT_TARGET = 13.4;
				LD_RUNPATH_SEARCH_PATHS = (
					"$(inherited)",
					"@executable_path/Frameworks",
					"@loader_path/Frameworks",
				);
				PRODUCT_BUNDLE_IDENTIFIER = com.revature.DemoChallengeTests;
				PRODUCT_NAME = "$(TARGET_NAME)";
				SWIFT_VERSION = 5.0;
				TARGETED_DEVICE_FAMILY = "1,2";
				TEST_HOST = "$(BUILT_PRODUCTS_DIR)/DemoChallenge.app/DemoChallenge";
			};
			name = Release;
		};
		D5B4B62424367632008CB635 /* Debug */ = {
			isa = XCBuildConfiguration;
			baseConfigurationReference = 6CCE1E9B693E551470F19E80 /* Pods-DemoChallenge-DemoChallengeUITests.debug.xcconfig */;
			buildSettings = {
				ALWAYS_EMBED_SWIFT_STANDARD_LIBRARIES = YES;
				CODE_SIGN_STYLE = Automatic;
				DEVELOPMENT_TEAM = KX3Q6P29G3;
				INFOPLIST_FILE = DemoChallengeUITests/Info.plist;
				LD_RUNPATH_SEARCH_PATHS = (
					"$(inherited)",
					"@executable_path/Frameworks",
					"@loader_path/Frameworks",
				);
				PRODUCT_BUNDLE_IDENTIFIER = com.revature.DemoChallengeUITests;
				PRODUCT_NAME = "$(TARGET_NAME)";
				SWIFT_VERSION = 5.0;
				TARGETED_DEVICE_FAMILY = "1,2";
				TEST_TARGET_NAME = DemoChallenge;
			};
			name = Debug;
		};
		D5B4B62524367632008CB635 /* Release */ = {
			isa = XCBuildConfiguration;
			baseConfigurationReference = EA409750E9EAE585A5A30208 /* Pods-DemoChallenge-DemoChallengeUITests.release.xcconfig */;
			buildSettings = {
				ALWAYS_EMBED_SWIFT_STANDARD_LIBRARIES = YES;
				CODE_SIGN_STYLE = Automatic;
				DEVELOPMENT_TEAM = KX3Q6P29G3;
				INFOPLIST_FILE = DemoChallengeUITests/Info.plist;
				LD_RUNPATH_SEARCH_PATHS = (
					"$(inherited)",
					"@executable_path/Frameworks",
					"@loader_path/Frameworks",
				);
				PRODUCT_BUNDLE_IDENTIFIER = com.revature.DemoChallengeUITests;
				PRODUCT_NAME = "$(TARGET_NAME)";
				SWIFT_VERSION = 5.0;
				TARGETED_DEVICE_FAMILY = "1,2";
				TEST_TARGET_NAME = DemoChallenge;
			};
			name = Release;
		};
/* End XCBuildConfiguration section */

/* Begin XCConfigurationList section */
		D5B4B5EB24367631008CB635 /* Build configuration list for PBXProject "DemoChallenge" */ = {
			isa = XCConfigurationList;
			buildConfigurations = (
				D5B4B61B24367632008CB635 /* Debug */,
				D5B4B61C24367632008CB635 /* Release */,
			);
			defaultConfigurationIsVisible = 0;
			defaultConfigurationName = Release;
		};
		D5B4B61D24367632008CB635 /* Build configuration list for PBXNativeTarget "DemoChallenge" */ = {
			isa = XCConfigurationList;
			buildConfigurations = (
				D5B4B61E24367632008CB635 /* Debug */,
				D5B4B61F24367632008CB635 /* Release */,
			);
			defaultConfigurationIsVisible = 0;
			defaultConfigurationName = Release;
		};
		D5B4B62024367632008CB635 /* Build configuration list for PBXNativeTarget "DemoChallengeTests" */ = {
			isa = XCConfigurationList;
			buildConfigurations = (
				D5B4B62124367632008CB635 /* Debug */,
				D5B4B62224367632008CB635 /* Release */,
			);
			defaultConfigurationIsVisible = 0;
			defaultConfigurationName = Release;
		};
		D5B4B62324367632008CB635 /* Build configuration list for PBXNativeTarget "DemoChallengeUITests" */ = {
			isa = XCConfigurationList;
			buildConfigurations = (
				D5B4B62424367632008CB635 /* Debug */,
				D5B4B62524367632008CB635 /* Release */,
			);
			defaultConfigurationIsVisible = 0;
			defaultConfigurationName = Release;
		};
/* End XCConfigurationList section */

/* Begin XCVersionGroup section */
		D5B4B5FC24367631008CB635 /* DemoChallenge.xcdatamodeld */ = {
			isa = XCVersionGroup;
			children = (
				D5B4B5FD24367631008CB635 /* DemoChallenge.xcdatamodel */,
			);
			currentVersion = D5B4B5FD24367631008CB635 /* DemoChallenge.xcdatamodel */;
			path = DemoChallenge.xcdatamodeld;
			sourceTree = "<group>";
			versionGroupType = wrapper.xcdatamodel;
		};
/* End XCVersionGroup section */
	};
	rootObject = D5B4B5E824367631008CB635 /* Project object */;
}
