PODS:
  - AWSCore (2.13.1)
  - AWSRekognition (2.13.1):
    - AWSCore (= 2.13.1)

DEPENDENCIES:
  - AWSRekognition

SPEC REPOS:
  trunk:
    - AWSCore
    - AWSRekognition

SPEC CHECKSUMS:
  AWSCore: ec394695d054fa4136b20ccd22d8901faea5de04
  AWSRekognition: 6c547e211b504e31a77ff9e543945b440c8df739

PODFILE CHECKSUM: c6b9fe6d41b842c8bb93b70f2a16d18fdbbec4cc

COCOAPODS: 1.9.1
